
Microsoft Visual Studio Solution File, Format Version 12.00
# Visual Studio Version 17
VisualStudioVersion = 17.13.35919.96 d17.13
MinimumVisualStudioVersion = 10.0.40219.1
Project("{FAE04EC0-301F-11D3-BF4B-00C04F79EFBC}") = "ContainerManagement", "ContainerManagement\ContainerManagement.csproj", "{2FD0C73E-D235-446F-80C6-548A5C91A38F}"
EndProject
Global
	GlobalSection(SolutionConfigurationPlatforms) = preSolution
		Debug|Any CPU = Debug|Any CPU
		Release|Any CPU = Release|Any CPU
	EndGlobalSection
	GlobalSection(ProjectConfigurationPlatforms) = postSolution
		{2FD0C73E-D235-446F-80C6-548A5C91A38F}.Debug|Any CPU.ActiveCfg = Debug|Any CPU
		{2FD0C73E-D235-446F-80C6-548A5C91A38F}.Debug|Any CPU.Build.0 = Debug|Any CPU
		{2FD0C73E-D235-446F-80C6-548A5C91A38F}.Release|Any CPU.ActiveCfg = Release|Any CPU
		{2FD0C73E-D235-446F-80C6-548A5C91A38F}.Release|Any CPU.Build.0 = Release|Any CPU
	EndGlobalSection
	GlobalSection(SolutionProperties) = preSolution
		HideSolutionNode = FALSE
	EndGlobalSection
	GlobalSection(ExtensibilityGlobals) = postSolution
		SolutionGuid = {A84CEAE0-7DA4-497E-B266-2D27EBDC9AA7}
	EndGlobalSection
EndGlobal
